
Microsoft Visual Studio Solution File, Format Version 12.00
# Visual Studio Version 17
VisualStudioVersion = 17.13.35825.156
MinimumVisualStudioVersion = 10.0.40219.1
Project("{FAE04EC0-301F-11D3-BF4B-00C04F79EFBC}") = "Alsin.Api", "Alsin.Api\Alsin.Api.csproj", "{A1C4B761-BA0F-4836-9EA4-2B07EC489BDD}"
EndProject
Project("{FAE04EC0-301F-11D3-BF4B-00C04F79EFBC}") = "BoboOS.Api", "BoboOS.Api\BoboOS.Api.csproj", "{0361885A-9DEC-419F-B599-E181E944E477}"
EndProject
Global
	GlobalSection(SolutionConfigurationPlatforms) = preSolution
		Debug|Any CPU = Debug|Any CPU
		Release|Any CPU = Release|Any CPU
	EndGlobalSection
	GlobalSection(ProjectConfigurationPlatforms) = postSolution
		{A1C4B761-BA0F-4836-9EA4-2B07EC489BDD}.Debug|Any CPU.ActiveCfg = Debug|Any CPU
		{A1C4B761-BA0F-4836-9EA4-2B07EC489BDD}.Debug|Any CPU.Build.0 = Debug|Any CPU
		{A1C4B761-BA0F-4836-9EA4-2B07EC489BDD}.Release|Any CPU.ActiveCfg = Release|Any CPU
		{A1C4B761-BA0F-4836-9EA4-2B07EC489BDD}.Release|Any CPU.Build.0 = Release|Any CPU
		{0361885A-9DEC-419F-B599-E181E944E477}.Debug|Any CPU.ActiveCfg = Debug|Any CPU
		{0361885A-9DEC-419F-B599-E181E944E477}.Debug|Any CPU.Build.0 = Debug|Any CPU
		{0361885A-9DEC-419F-B599-E181E944E477}.Release|Any CPU.ActiveCfg = Release|Any CPU
		{0361885A-9DEC-419F-B599-E181E944E477}.Release|Any CPU.Build.0 = Release|Any CPU
	EndGlobalSection
	GlobalSection(SolutionProperties) = preSolution
		HideSolutionNode = FALSE
	EndGlobalSection
	GlobalSection(ExtensibilityGlobals) = postSolution
		SolutionGuid = {2D792E5D-1192-44C2-886C-E0A214BD621D}
	EndGlobalSection
EndGlobal
